
Microsoft Visual Studio Solution File, Format Version 12.00
# Visual Studio 15
VisualStudioVersion = 15.0.26228.9
MinimumVisualStudioVersion = 10.0.40219.1
Project("{FAE04EC0-301F-11D3-BF4B-00C04F79EFBC}") = "MyCalcLibrary", "MyCalcLibrary\MyCalcLibrary.csproj", "{661B8740-3567-469D-92B4-2314DB51F0B7}"
EndProject
Project("{FAE04EC0-301F-11D3-BF4B-00C04F79EFBC}") = "MyConsoleClass", "MyConsoleClass\MyConsoleClass.csproj", "{E7B8116A-602C-4BC7-9CD6-AD0C2B895CC0}"
EndProject
Project("{FAE04EC0-301F-11D3-BF4B-00C04F79EFBC}") = "ConsoleApplicationToChangeTextFromFileOrConsole", "ConsoleApplicationToChangeTextFromFileOrConsole\ConsoleApplicationToChangeTextFromFileOrConsole.csproj", "{F12B0F66-8C58-4E96-8E8A-29E6B107BED0}"
EndProject
Project("{FAE04EC0-301F-11D3-BF4B-00C04F79EFBC}") = "ConsoleAppCollectValuesFromInputedString", "ConsoleAppCollectValuesFromInputedString\ConsoleAppCollectValuesFromInputedString.csproj", "{7E41243C-7B3A-4304-A1D9-0539795911D1}"
EndProject
Global
	GlobalSection(SolutionConfigurationPlatforms) = preSolution
		Debug|Any CPU = Debug|Any CPU
		Release|Any CPU = Release|Any CPU
	EndGlobalSection
	GlobalSection(ProjectConfigurationPlatforms) = postSolution
		{661B8740-3567-469D-92B4-2314DB51F0B7}.Debug|Any CPU.ActiveCfg = Debug|Any CPU
		{661B8740-3567-469D-92B4-2314DB51F0B7}.Debug|Any CPU.Build.0 = Debug|Any CPU
		{661B8740-3567-469D-92B4-2314DB51F0B7}.Release|Any CPU.ActiveCfg = Release|Any CPU
		{661B8740-3567-469D-92B4-2314DB51F0B7}.Release|Any CPU.Build.0 = Release|Any CPU
		{E7B8116A-602C-4BC7-9CD6-AD0C2B895CC0}.Debug|Any CPU.ActiveCfg = Debug|Any CPU
		{E7B8116A-602C-4BC7-9CD6-AD0C2B895CC0}.Debug|Any CPU.Build.0 = Debug|Any CPU
		{E7B8116A-602C-4BC7-9CD6-AD0C2B895CC0}.Release|Any CPU.ActiveCfg = Release|Any CPU
		{E7B8116A-602C-4BC7-9CD6-AD0C2B895CC0}.Release|Any CPU.Build.0 = Release|Any CPU
		{F12B0F66-8C58-4E96-8E8A-29E6B107BED0}.Debug|Any CPU.ActiveCfg = Debug|Any CPU
		{F12B0F66-8C58-4E96-8E8A-29E6B107BED0}.Debug|Any CPU.Build.0 = Debug|Any CPU
		{F12B0F66-8C58-4E96-8E8A-29E6B107BED0}.Release|Any CPU.ActiveCfg = Release|Any CPU
		{F12B0F66-8C58-4E96-8E8A-29E6B107BED0}.Release|Any CPU.Build.0 = Release|Any CPU
		{7E41243C-7B3A-4304-A1D9-0539795911D1}.Debug|Any CPU.ActiveCfg = Debug|Any CPU
		{7E41243C-7B3A-4304-A1D9-0539795911D1}.Debug|Any CPU.Build.0 = Debug|Any CPU
		{7E41243C-7B3A-4304-A1D9-0539795911D1}.Release|Any CPU.ActiveCfg = Release|Any CPU
		{7E41243C-7B3A-4304-A1D9-0539795911D1}.Release|Any CPU.Build.0 = Release|Any CPU
	EndGlobalSection
	GlobalSection(SolutionProperties) = preSolution
		HideSolutionNode = FALSE
	EndGlobalSection
EndGlobal
