
Microsoft Visual Studio Solution File, Format Version 12.00
# Visual Studio 15
VisualStudioVersion = 15.0.26730.16
MinimumVisualStudioVersion = 10.0.40219.1
Project("{FAE04EC0-301F-11D3-BF4B-00C04F79EFBC}") = "LinqToXmlQueries", "LinqToXmlQueries\LinqToXmlQueries.csproj", "{DA00F2D5-7C43-424C-AAB3-0BFB3C39229B}"
EndProject
Global
	GlobalSection(SolutionConfigurationPlatforms) = preSolution
		Debug|Any CPU = Debug|Any CPU
		Release|Any CPU = Release|Any CPU
	EndGlobalSection
	GlobalSection(ProjectConfigurationPlatforms) = postSolution
		{DA00F2D5-7C43-424C-AAB3-0BFB3C39229B}.Debug|Any CPU.ActiveCfg = Debug|Any CPU
		{DA00F2D5-7C43-424C-AAB3-0BFB3C39229B}.Debug|Any CPU.Build.0 = Debug|Any CPU
		{DA00F2D5-7C43-424C-AAB3-0BFB3C39229B}.Release|Any CPU.ActiveCfg = Release|Any CPU
		{DA00F2D5-7C43-424C-AAB3-0BFB3C39229B}.Release|Any CPU.Build.0 = Release|Any CPU
	EndGlobalSection
	GlobalSection(SolutionProperties) = preSolution
		HideSolutionNode = FALSE
	EndGlobalSection
	GlobalSection(ExtensibilityGlobals) = postSolution
		SolutionGuid = {CE1C302E-A716-43C7-BC79-7C22355DB071}
	EndGlobalSection
EndGlobal
